// !$*UTF8*$!
{
	archiveVersion = 1;
	classes = {};
	objectVersion = 77;
	objects = {
		F35DC01201DD1479EC735CC0 /* GemCollectionGame folder */ = { isa = PBXFileSystemSynchronizedRootGroup; path = GemCollectionGame; sourceTree = "<group>"; };
		D27CF015B06BC1E22045E539 /* GemCollectionGame product */ = { isa = PBXFileReference; explicitFileType = wrapper.application; includeInIndex = 0; path = GemCollectionGame.app; sourceTree = BUILT_PRODUCTS_DIR; };
		7EBE92E68580673EE47E2EAF /* GemCollectionGameSources */ = { isa = PBXSourcesBuildPhase; buildActionMask = 2147483647; files = (); runOnlyForDeploymentPostprocessing = 0; };
		6E3A0F9DACB90129173D71AE /* GemCollectionGameFrameworks */ = { isa = PBXFrameworksBuildPhase; buildActionMask = 2147483647; files = (); runOnlyForDeploymentPostprocessing = 0; };
		85366F39AE23768952B6AFA8 /* GemCollectionGameResources */ = { isa = PBXResourcesBuildPhase; buildActionMask = 2147483647; files = (); runOnlyForDeploymentPostprocessing = 0; };
		EA6481D11613E453F6B3ED05 /* GemCollectionGame */ = { isa = PBXNativeTarget; buildConfigurationList = 63534D4CAD4229BEDEBF7839 /* GemCollectionGame configs */; buildPhases = (7EBE92E68580673EE47E2EAF /* GemCollectionGameSources */, 6E3A0F9DACB90129173D71AE /* GemCollectionGameFrameworks */, 85366F39AE23768952B6AFA8 /* GemCollectionGameResources */,); buildRules = (); dependencies = (); fileSystemSynchronizedGroups = (F35DC01201DD1479EC735CC0 /* GemCollectionGame folder */,); name = GemCollectionGame; productName = GemCollectionGame; productReference = D27CF015B06BC1E22045E539 /* GemCollectionGame product */; productType = "com.apple.product-type.application"; };
		F726E10C5EF5F955D07A30C6 /* GemCollectionGameDebug */ = { isa = XCBuildConfiguration; buildSettings = { CODE_SIGN_STYLE = Automatic; CURRENT_PROJECT_VERSION = 1; GENERATE_INFOPLIST_FILE = YES; MARKETING_VERSION = 1.0; PRODUCT_BUNDLE_IDENTIFIER = com.example.GemCollectionGame; PRODUCT_NAME = "$(TARGET_NAME)"; SWIFT_VERSION = 5.0; TARGETED_DEVICE_FAMILY = 1; SUPPORTED_PLATFORMS = "iphoneos iphonesimulator"; SUPPORTS_MACCATALYST = NO; ASSETCATALOG_COMPILER_APPICON_NAME = AppIcon; ASSETCATALOG_COMPILER_GLOBAL_ACCENT_COLOR_NAME = AccentColor; INFOPLIST_KEY_CFBundleDisplayName = "Gem Collection"; INFOPLIST_KEY_LSApplicationCategoryType = "public.app-category.puzzle-games"; INFOPLIST_KEY_UIApplicationSceneManifest_Generation = YES; INFOPLIST_KEY_UIApplicationSupportsIndirectInputEvents = YES; INFOPLIST_KEY_UILaunchScreen_Generation = YES; INFOPLIST_KEY_UISupportedInterfaceOrientations = "UIInterfaceOrientationPortrait UIInterfaceOrientationLandscapeLeft UIInterfaceOrientationLandscapeRight"; LD_RUNPATH_SEARCH_PATHS = "$(inherited) @executable_path/Frameworks"; ENABLE_PREVIEWS = YES; }; name = Debug; };
		B7DC64618A1A229FE0DE2835 /* GemCollectionGameRelease */ = { isa = XCBuildConfiguration; buildSettings = { CODE_SIGN_STYLE = Automatic; CURRENT_PROJECT_VERSION = 1; GENERATE_INFOPLIST_FILE = YES; MARKETING_VERSION = 1.0; PRODUCT_BUNDLE_IDENTIFIER = com.example.GemCollectionGame; PRODUCT_NAME = "$(TARGET_NAME)"; SWIFT_VERSION = 5.0; TARGETED_DEVICE_FAMILY = 1; SUPPORTED_PLATFORMS = "iphoneos iphonesimulator"; SUPPORTS_MACCATALYST = NO; ASSETCATALOG_COMPILER_APPICON_NAME = AppIcon; ASSETCATALOG_COMPILER_GLOBAL_ACCENT_COLOR_NAME = AccentColor; INFOPLIST_KEY_CFBundleDisplayName = "Gem Collection"; INFOPLIST_KEY_LSApplicationCategoryType = "public.app-category.puzzle-games"; INFOPLIST_KEY_UIApplicationSceneManifest_Generation = YES; INFOPLIST_KEY_UIApplicationSupportsIndirectInputEvents = YES; INFOPLIST_KEY_UILaunchScreen_Generation = YES; INFOPLIST_KEY_UISupportedInterfaceOrientations = "UIInterfaceOrientationPortrait UIInterfaceOrientationLandscapeLeft UIInterfaceOrientationLandscapeRight"; LD_RUNPATH_SEARCH_PATHS = "$(inherited) @executable_path/Frameworks"; ENABLE_PREVIEWS = YES; }; name = Release; };
		63534D4CAD4229BEDEBF7839 /* GemCollectionGame configs */ = { isa = XCConfigurationList; buildConfigurations = (F726E10C5EF5F955D07A30C6 /* GemCollectionGameDebug */, B7DC64618A1A229FE0DE2835 /* GemCollectionGameRelease */,); defaultConfigurationIsVisible = 0; defaultConfigurationName = Release; };
		AE777EC062325E8E3394E89B /* GemCollectionGameTests folder */ = { isa = PBXFileSystemSynchronizedRootGroup; path = GemCollectionGameTests; sourceTree = "<group>"; };
		64F59B65615173CD4B6DB4AA /* GemCollectionGameTests product */ = { isa = PBXFileReference; explicitFileType = wrapper.cfbundle; includeInIndex = 0; path = GemCollectionGameTests.xctest; sourceTree = BUILT_PRODUCTS_DIR; };
		92F781319634DEAC01413928 /* GemCollectionGameTestsSources */ = { isa = PBXSourcesBuildPhase; buildActionMask = 2147483647; files = (); runOnlyForDeploymentPostprocessing = 0; };
		342D0F2834669A32D3BF5277 /* GemCollectionGameTestsFrameworks */ = { isa = PBXFrameworksBuildPhase; buildActionMask = 2147483647; files = (); runOnlyForDeploymentPostprocessing = 0; };
		65FA8A4F39E6FACECF4B58E9 /* GemCollectionGameTestsResources */ = { isa = PBXResourcesBuildPhase; buildActionMask = 2147483647; files = (); runOnlyForDeploymentPostprocessing = 0; };
		83AC1958B39E7C3A97102602 /* GemCollectionGameTests proxy */ = { isa = PBXContainerItemProxy; containerPortal = F6F4DA8D93E88A08220E03B7 /* Project */; proxyType = 1; remoteGlobalIDString = EA6481D11613E453F6B3ED05; remoteInfo = GemCollectionGame; };
		B328579D457C92EA846A125B /* GemCollectionGameTests dependency */ = { isa = PBXTargetDependency; target = EA6481D11613E453F6B3ED05 /* GemCollectionGame */; targetProxy = 83AC1958B39E7C3A97102602 /* GemCollectionGameTests proxy */; };
		7B50F81EE48A9E689DBE9C36 /* GemCollectionGameTests */ = { isa = PBXNativeTarget; buildConfigurationList = 1AE0163A5713F241F06802EC /* GemCollectionGameTests configs */; buildPhases = (92F781319634DEAC01413928 /* GemCollectionGameTestsSources */, 342D0F2834669A32D3BF5277 /* GemCollectionGameTestsFrameworks */, 65FA8A4F39E6FACECF4B58E9 /* GemCollectionGameTestsResources */,); buildRules = (); dependencies = (B328579D457C92EA846A125B /* GemCollectionGameTests dependency */,); fileSystemSynchronizedGroups = (AE777EC062325E8E3394E89B /* GemCollectionGameTests folder */,); name = GemCollectionGameTests; productName = GemCollectionGameTests; productReference = 64F59B65615173CD4B6DB4AA /* GemCollectionGameTests product */; productType = "com.apple.product-type.bundle.unit-test"; };
		9BB8CEDF2B60076B8AAB3E78 /* GemCollectionGameTestsDebug */ = { isa = XCBuildConfiguration; buildSettings = { CODE_SIGN_STYLE = Automatic; CURRENT_PROJECT_VERSION = 1; GENERATE_INFOPLIST_FILE = YES; MARKETING_VERSION = 1.0; PRODUCT_BUNDLE_IDENTIFIER = com.example.GemCollectionGameTests; PRODUCT_NAME = "$(TARGET_NAME)"; SWIFT_VERSION = 5.0; TARGETED_DEVICE_FAMILY = 1; SUPPORTED_PLATFORMS = "iphoneos iphonesimulator"; SUPPORTS_MACCATALYST = NO; BUNDLE_LOADER = "$(TEST_HOST)"; TEST_HOST = "$(BUILT_PRODUCTS_DIR)/GemCollectionGame.app/$(BUNDLE_EXECUTABLE_FOLDER_PATH)/GemCollectionGame"; }; name = Debug; };
		0682F8D5B7A8957CB7459B12 /* GemCollectionGameTestsRelease */ = { isa = XCBuildConfiguration; buildSettings = { CODE_SIGN_STYLE = Automatic; CURRENT_PROJECT_VERSION = 1; GENERATE_INFOPLIST_FILE = YES; MARKETING_VERSION = 1.0; PRODUCT_BUNDLE_IDENTIFIER = com.example.GemCollectionGameTests; PRODUCT_NAME = "$(TARGET_NAME)"; SWIFT_VERSION = 5.0; TARGETED_DEVICE_FAMILY = 1; SUPPORTED_PLATFORMS = "iphoneos iphonesimulator"; SUPPORTS_MACCATALYST = NO; BUNDLE_LOADER = "$(TEST_HOST)"; TEST_HOST = "$(BUILT_PRODUCTS_DIR)/GemCollectionGame.app/$(BUNDLE_EXECUTABLE_FOLDER_PATH)/GemCollectionGame"; }; name = Release; };
		1AE0163A5713F241F06802EC /* GemCollectionGameTests configs */ = { isa = XCConfigurationList; buildConfigurations = (9BB8CEDF2B60076B8AAB3E78 /* GemCollectionGameTestsDebug */, 0682F8D5B7A8957CB7459B12 /* GemCollectionGameTestsRelease */,); defaultConfigurationIsVisible = 0; defaultConfigurationName = Release; };
		E3F5E2A048CC8179BFE36B1E /* GemCollectionGameUITests folder */ = { isa = PBXFileSystemSynchronizedRootGroup; path = GemCollectionGameUITests; sourceTree = "<group>"; };
		FC89CB4E5EC012048C7B2DFD /* GemCollectionGameUITests product */ = { isa = PBXFileReference; explicitFileType = wrapper.cfbundle; includeInIndex = 0; path = GemCollectionGameUITests.xctest; sourceTree = BUILT_PRODUCTS_DIR; };
		A4F87789D2CCC4FA2B9F3C65 /* GemCollectionGameUITestsSources */ = { isa = PBXSourcesBuildPhase; buildActionMask = 2147483647; files = (); runOnlyForDeploymentPostprocessing = 0; };
		71BD887AD78002BA9945355E /* GemCollectionGameUITestsFrameworks */ = { isa = PBXFrameworksBuildPhase; buildActionMask = 2147483647; files = (); runOnlyForDeploymentPostprocessing = 0; };
		0DD75C3BA5C32FBE1CB57234 /* GemCollectionGameUITestsResources */ = { isa = PBXResourcesBuildPhase; buildActionMask = 2147483647; files = (); runOnlyForDeploymentPostprocessing = 0; };
		B70D4A8B02C175C2C788C639 /* GemCollectionGameUITests proxy */ = { isa = PBXContainerItemProxy; containerPortal = F6F4DA8D93E88A08220E03B7 /* Project */; proxyType = 1; remoteGlobalIDString = EA6481D11613E453F6B3ED05; remoteInfo = GemCollectionGame; };
		15E454B9F3C2ADF3A0E79C5A /* GemCollectionGameUITests dependency */ = { isa = PBXTargetDependency; target = EA6481D11613E453F6B3ED05 /* GemCollectionGame */; targetProxy = B70D4A8B02C175C2C788C639 /* GemCollectionGameUITests proxy */; };
		84AC9F38099684896491A2DE /* GemCollectionGameUITests */ = { isa = PBXNativeTarget; buildConfigurationList = 7FA73DA70EDCAC180ADE63B8 /* GemCollectionGameUITests configs */; buildPhases = (A4F87789D2CCC4FA2B9F3C65 /* GemCollectionGameUITestsSources */, 71BD887AD78002BA9945355E /* GemCollectionGameUITestsFrameworks */, 0DD75C3BA5C32FBE1CB57234 /* GemCollectionGameUITestsResources */,); buildRules = (); dependencies = (15E454B9F3C2ADF3A0E79C5A /* GemCollectionGameUITests dependency */,); fileSystemSynchronizedGroups = (E3F5E2A048CC8179BFE36B1E /* GemCollectionGameUITests folder */,); name = GemCollectionGameUITests; productName = GemCollectionGameUITests; productReference = FC89CB4E5EC012048C7B2DFD /* GemCollectionGameUITests product */; productType = "com.apple.product-type.bundle.ui-testing"; };
		09ABE12D2DB403A506522490 /* GemCollectionGameUITestsDebug */ = { isa = XCBuildConfiguration; buildSettings = { CODE_SIGN_STYLE = Automatic; CURRENT_PROJECT_VERSION = 1; GENERATE_INFOPLIST_FILE = YES; MARKETING_VERSION = 1.0; PRODUCT_BUNDLE_IDENTIFIER = com.example.GemCollectionGameUITests; PRODUCT_NAME = "$(TARGET_NAME)"; SWIFT_VERSION = 5.0; TARGETED_DEVICE_FAMILY = 1; SUPPORTED_PLATFORMS = "iphoneos iphonesimulator"; SUPPORTS_MACCATALYST = NO; TEST_TARGET_NAME = GemCollectionGame; }; name = Debug; };
		EE643A824C32A64EA5CE92E6 /* GemCollectionGameUITestsRelease */ = { isa = XCBuildConfiguration; buildSettings = { CODE_SIGN_STYLE = Automatic; CURRENT_PROJECT_VERSION = 1; GENERATE_INFOPLIST_FILE = YES; MARKETING_VERSION = 1.0; PRODUCT_BUNDLE_IDENTIFIER = com.example.GemCollectionGameUITests; PRODUCT_NAME = "$(TARGET_NAME)"; SWIFT_VERSION = 5.0; TARGETED_DEVICE_FAMILY = 1; SUPPORTED_PLATFORMS = "iphoneos iphonesimulator"; SUPPORTS_MACCATALYST = NO; TEST_TARGET_NAME = GemCollectionGame; }; name = Release; };
		7FA73DA70EDCAC180ADE63B8 /* GemCollectionGameUITests configs */ = { isa = XCConfigurationList; buildConfigurations = (09ABE12D2DB403A506522490 /* GemCollectionGameUITestsDebug */, EE643A824C32A64EA5CE92E6 /* GemCollectionGameUITestsRelease */,); defaultConfigurationIsVisible = 0; defaultConfigurationName = Release; };
		FE0A091FDBFB3E9C31B7A1BD /* Products */ = { isa = PBXGroup; children = (D27CF015B06BC1E22045E539 /* GemCollectionGame product */, 64F59B65615173CD4B6DB4AA /* GemCollectionGameTests product */, FC89CB4E5EC012048C7B2DFD /* GemCollectionGameUITests product */,); name = Products; sourceTree = "<group>"; };
		C649629229F6187C3D12CE69 /* Main Group */ = { isa = PBXGroup; children = (F35DC01201DD1479EC735CC0 /* GemCollectionGame folder */, AE777EC062325E8E3394E89B /* GemCollectionGameTests folder */, E3F5E2A048CC8179BFE36B1E /* GemCollectionGameUITests folder */, FE0A091FDBFB3E9C31B7A1BD /* Products */,); sourceTree = "<group>"; };
		BFD315016DE16320F7E2120C /* ProjectDebug */ = { isa = XCBuildConfiguration; buildSettings = { ALWAYS_SEARCH_USER_PATHS = NO; CLANG_ENABLE_MODULES = YES; CLANG_ENABLE_OBJC_ARC = YES; CLANG_WARN_DOCUMENTATION_COMMENTS = YES; GCC_C_LANGUAGE_STANDARD = gnu17; IPHONEOS_DEPLOYMENT_TARGET = 16.0; SDKROOT = iphoneos; SWIFT_STRICT_CONCURRENCY = complete; DEBUG_INFORMATION_FORMAT = dwarf; ENABLE_TESTABILITY = YES; SWIFT_OPTIMIZATION_LEVEL = "-Onone"; SWIFT_ACTIVE_COMPILATION_CONDITIONS = "DEBUG $(inherited)"; }; name = Debug; };
		1D8C0C6B1D22EA8C7669B263 /* ProjectRelease */ = { isa = XCBuildConfiguration; buildSettings = { ALWAYS_SEARCH_USER_PATHS = NO; CLANG_ENABLE_MODULES = YES; CLANG_ENABLE_OBJC_ARC = YES; CLANG_WARN_DOCUMENTATION_COMMENTS = YES; GCC_C_LANGUAGE_STANDARD = gnu17; IPHONEOS_DEPLOYMENT_TARGET = 16.0; SDKROOT = iphoneos; SWIFT_STRICT_CONCURRENCY = complete; DEBUG_INFORMATION_FORMAT = "dwarf-with-dsym"; ENABLE_TESTABILITY = NO; SWIFT_OPTIMIZATION_LEVEL = "-O"; SWIFT_ACTIVE_COMPILATION_CONDITIONS = "$(inherited)"; }; name = Release; };
		AB271FF98378FD9A7626F0E2 /* Project configs */ = { isa = XCConfigurationList; buildConfigurations = (BFD315016DE16320F7E2120C /* ProjectDebug */, 1D8C0C6B1D22EA8C7669B263 /* ProjectRelease */,); defaultConfigurationIsVisible = 0; defaultConfigurationName = Release; };
		F6F4DA8D93E88A08220E03B7 /* Project */ = { isa = PBXProject; attributes = { BuildIndependentTargetsInParallel = YES; LastSwiftUpdateCheck = 2660; LastUpgradeCheck = 2660; }; buildConfigurationList = AB271FF98378FD9A7626F0E2 /* Project configs */; compatibilityVersion = "Xcode 16.0"; developmentRegion = en; hasScannedForEncodings = 0; knownRegions = (en, Base); mainGroup = C649629229F6187C3D12CE69 /* Main Group */; minimizedProjectReferenceProxies = 1; preferredProjectObjectVersion = 77; productRefGroup = FE0A091FDBFB3E9C31B7A1BD /* Products */; projectDirPath = ""; projectRoot = ""; targets = (EA6481D11613E453F6B3ED05 /* GemCollectionGame */, 7B50F81EE48A9E689DBE9C36 /* GemCollectionGameTests */, 84AC9F38099684896491A2DE /* GemCollectionGameUITests */,); };
	};
	rootObject = F6F4DA8D93E88A08220E03B7 /* Project */;
}
