// !$*UTF8*$!
{
	archiveVersion = 1;
	classes = {
	};
	objectVersion = 71;
	objects = {

/* Begin PBXContainerItemProxy section */
		83AC1958B39E7C3A97102602 /* PBXContainerItemProxy */ = {
			isa = PBXContainerItemProxy;
			containerPortal = F6F4DA8D93E88A08220E03B7 /* Project object */;
			proxyType = 1;
			remoteGlobalIDString = EA6481D11613E453F6B3ED05;
			remoteInfo = FantasyTileMatcher;
		};
		B70D4A8B02C175C2C788C639 /* PBXContainerItemProxy */ = {
			isa = PBXContainerItemProxy;
			containerPortal = F6F4DA8D93E88A08220E03B7 /* Project object */;
			proxyType = 1;
			remoteGlobalIDString = EA6481D11613E453F6B3ED05;
			remoteInfo = FantasyTileMatcher;
		};
/* End PBXContainerItemProxy section */

/* Begin PBXFileReference section */
		64F59B65615173CD4B6DB4AA /* FantasyTileMatcherTests.xctest */ = {isa = PBXFileReference; explicitFileType = wrapper.cfbundle; includeInIndex = 0; path = FantasyTileMatcherTests.xctest; sourceTree = BUILT_PRODUCTS_DIR; };
		D27CF015B06BC1E22045E539 /* FantasyTileMatcher.app */ = {isa = PBXFileReference; explicitFileType = wrapper.application; includeInIndex = 0; path = FantasyTileMatcher.app; sourceTree = BUILT_PRODUCTS_DIR; };
		FC89CB4E5EC012048C7B2DFD /* FantasyTileMatcherUITests.xctest */ = {isa = PBXFileReference; explicitFileType = wrapper.cfbundle; includeInIndex = 0; path = FantasyTileMatcherUITests.xctest; sourceTree = BUILT_PRODUCTS_DIR; };
/* End PBXFileReference section */

/* Begin PBXFileSystemSynchronizedRootGroup section */
		AE777EC062325E8E3394E89B /* FantasyTileMatcherTests */ = {isa = PBXFileSystemSynchronizedRootGroup; explicitFileTypes = {}; explicitFolders = (); path = FantasyTileMatcherTests; sourceTree = "<group>"; };
		E3F5E2A048CC8179BFE36B1E /* FantasyTileMatcherUITests */ = {isa = PBXFileSystemSynchronizedRootGroup; explicitFileTypes = {}; explicitFolders = (); path = FantasyTileMatcherUITests; sourceTree = "<group>"; };
		F35DC01201DD1479EC735CC0 /* FantasyTileMatcher */ = {isa = PBXFileSystemSynchronizedRootGroup; explicitFileTypes = {}; explicitFolders = (); path = FantasyTileMatcher; sourceTree = "<group>"; };
/* End PBXFileSystemSynchronizedRootGroup section */

/* Begin PBXFrameworksBuildPhase section */
		342D0F2834669A32D3BF5277 /* Frameworks */ = {
			isa = PBXFrameworksBuildPhase;
			buildActionMask = 2147483647;
			files = (
			);
			runOnlyForDeploymentPostprocessing = 0;
		};
		6E3A0F9DACB90129173D71AE /* Frameworks */ = {
			isa = PBXFrameworksBuildPhase;
			buildActionMask = 2147483647;
			files = (
			);
			runOnlyForDeploymentPostprocessing = 0;
		};
		71BD887AD78002BA9945355E /* Frameworks */ = {
			isa = PBXFrameworksBuildPhase;
			buildActionMask = 2147483647;
			files = (
			);
			runOnlyForDeploymentPostprocessing = 0;
		};
/* End PBXFrameworksBuildPhase section */

/* Begin PBXGroup section */
		C649629229F6187C3D12CE69 = {
			isa = PBXGroup;
			children = (
				F35DC01201DD1479EC735CC0 /* FantasyTileMatcher */,
				AE777EC062325E8E3394E89B /* FantasyTileMatcherTests */,
				E3F5E2A048CC8179BFE36B1E /* FantasyTileMatcherUITests */,
				FE0A091FDBFB3E9C31B7A1BD /* Products */,
			);
			sourceTree = "<group>";
		};
		FE0A091FDBFB3E9C31B7A1BD /* Products */ = {
			isa = PBXGroup;
			children = (
				D27CF015B06BC1E22045E539 /* FantasyTileMatcher.app */,
				64F59B65615173CD4B6DB4AA /* FantasyTileMatcherTests.xctest */,
				FC89CB4E5EC012048C7B2DFD /* FantasyTileMatcherUITests.xctest */,
			);
			name = Products;
			sourceTree = "<group>";
		};
/* End PBXGroup section */

/* Begin PBXNativeTarget section */
		7B50F81EE48A9E689DBE9C36 /* FantasyTileMatcherTests */ = {
			isa = PBXNativeTarget;
			buildConfigurationList = 1AE0163A5713F241F06802EC /* Build configuration list for PBXNativeTarget "FantasyTileMatcherTests" */;
			buildPhases = (
				92F781319634DEAC01413928 /* Sources */,
				342D0F2834669A32D3BF5277 /* Frameworks */,
				65FA8A4F39E6FACECF4B58E9 /* Resources */,
			);
			buildRules = (
			);
			dependencies = (
				B328579D457C92EA846A125B /* PBXTargetDependency */,
			);
			fileSystemSynchronizedGroups = (
				AE777EC062325E8E3394E89B /* FantasyTileMatcherTests */,
			);
			name = FantasyTileMatcherTests;
			productName = FantasyTileMatcherTests;
			productReference = 64F59B65615173CD4B6DB4AA /* FantasyTileMatcherTests.xctest */;
			productType = "com.apple.product-type.bundle.unit-test";
		};
		84AC9F38099684896491A2DE /* FantasyTileMatcherUITests */ = {
			isa = PBXNativeTarget;
			buildConfigurationList = 7FA73DA70EDCAC180ADE63B8 /* Build configuration list for PBXNativeTarget "FantasyTileMatcherUITests" */;
			buildPhases = (
				A4F87789D2CCC4FA2B9F3C65 /* Sources */,
				71BD887AD78002BA9945355E /* Frameworks */,
				0DD75C3BA5C32FBE1CB57234 /* Resources */,
			);
			buildRules = (
			);
			dependencies = (
				15E454B9F3C2ADF3A0E79C5A /* PBXTargetDependency */,
			);
			fileSystemSynchronizedGroups = (
				E3F5E2A048CC8179BFE36B1E /* FantasyTileMatcherUITests */,
			);
			name = FantasyTileMatcherUITests;
			productName = FantasyTileMatcherUITests;
			productReference = FC89CB4E5EC012048C7B2DFD /* FantasyTileMatcherUITests.xctest */;
			productType = "com.apple.product-type.bundle.ui-testing";
		};
		EA6481D11613E453F6B3ED05 /* FantasyTileMatcher */ = {
			isa = PBXNativeTarget;
			buildConfigurationList = 63534D4CAD4229BEDEBF7839 /* Build configuration list for PBXNativeTarget "FantasyTileMatcher" */;
			buildPhases = (
				7EBE92E68580673EE47E2EAF /* Sources */,
				6E3A0F9DACB90129173D71AE /* Frameworks */,
				85366F39AE23768952B6AFA8 /* Resources */,
			);
			buildRules = (
			);
			dependencies = (
			);
			fileSystemSynchronizedGroups = (
				F35DC01201DD1479EC735CC0 /* FantasyTileMatcher */,
			);
			name = FantasyTileMatcher;
			productName = FantasyTileMatcher;
			productReference = D27CF015B06BC1E22045E539 /* FantasyTileMatcher.app */;
			productType = "com.apple.product-type.application";
		};
/* End PBXNativeTarget section */

/* Begin PBXProject section */
		F6F4DA8D93E88A08220E03B7 /* Project object */ = {
			isa = PBXProject;
			attributes = {
				BuildIndependentTargetsInParallel = YES;
				LastSwiftUpdateCheck = 2660;
				LastUpgradeCheck = 2660;
			};
			buildConfigurationList = AB271FF98378FD9A7626F0E2 /* Build configuration list for PBXProject "FantasyTileMatcher" */;
			compatibilityVersion = "Xcode 16.0";
			developmentRegion = en;
			hasScannedForEncodings = 0;
			knownRegions = (
				en,
				Base,
			);
			mainGroup = C649629229F6187C3D12CE69;
			minimizedProjectReferenceProxies = 1;
			productRefGroup = FE0A091FDBFB3E9C31B7A1BD /* Products */;
			projectDirPath = "";
			projectRoot = "";
			targets = (
				EA6481D11613E453F6B3ED05 /* FantasyTileMatcher */,
				7B50F81EE48A9E689DBE9C36 /* FantasyTileMatcherTests */,
				84AC9F38099684896491A2DE /* FantasyTileMatcherUITests */,
			);
		};
/* End PBXProject section */

/* Begin PBXResourcesBuildPhase section */
		0DD75C3BA5C32FBE1CB57234 /* Resources */ = {
			isa = PBXResourcesBuildPhase;
			buildActionMask = 2147483647;
			files = (
			);
			runOnlyForDeploymentPostprocessing = 0;
		};
		65FA8A4F39E6FACECF4B58E9 /* Resources */ = {
			isa = PBXResourcesBuildPhase;
			buildActionMask = 2147483647;
			files = (
			);
			runOnlyForDeploymentPostprocessing = 0;
		};
		85366F39AE23768952B6AFA8 /* Resources */ = {
			isa = PBXResourcesBuildPhase;
			buildActionMask = 2147483647;
			files = (
			);
			runOnlyForDeploymentPostprocessing = 0;
		};
/* End PBXResourcesBuildPhase section */

/* Begin PBXSourcesBuildPhase section */
		7EBE92E68580673EE47E2EAF /* Sources */ = {
			isa = PBXSourcesBuildPhase;
			buildActionMask = 2147483647;
			files = (
			);
			runOnlyForDeploymentPostprocessing = 0;
		};
		92F781319634DEAC01413928 /* Sources */ = {
			isa = PBXSourcesBuildPhase;
			buildActionMask = 2147483647;
			files = (
			);
			runOnlyForDeploymentPostprocessing = 0;
		};
		A4F87789D2CCC4FA2B9F3C65 /* Sources */ = {
			isa = PBXSourcesBuildPhase;
			buildActionMask = 2147483647;
			files = (
			);
			runOnlyForDeploymentPostprocessing = 0;
		};
/* End PBXSourcesBuildPhase section */

/* Begin PBXTargetDependency section */
		15E454B9F3C2ADF3A0E79C5A /* PBXTargetDependency */ = {
			isa = PBXTargetDependency;
			target = EA6481D11613E453F6B3ED05 /* FantasyTileMatcher */;
			targetProxy = B70D4A8B02C175C2C788C639 /* PBXContainerItemProxy */;
		};
		B328579D457C92EA846A125B /* PBXTargetDependency */ = {
			isa = PBXTargetDependency;
			target = EA6481D11613E453F6B3ED05 /* FantasyTileMatcher */;
			targetProxy = 83AC1958B39E7C3A97102602 /* PBXContainerItemProxy */;
		};
/* End PBXTargetDependency section */

/* Begin XCBuildConfiguration section */
		0682F8D5B7A8957CB7459B12 /* Release */ = {
			isa = XCBuildConfiguration;
			buildSettings = {
				BUNDLE_LOADER = "$(TEST_HOST)";
				CODE_SIGN_STYLE = Automatic;
				CURRENT_PROJECT_VERSION = 1;
				GENERATE_INFOPLIST_FILE = YES;
				MARKETING_VERSION = 0.3.4;
				PRODUCT_BUNDLE_IDENTIFIER = com.example.FantasyTileMatcherTests;
				PRODUCT_NAME = "$(TARGET_NAME)";
				SUPPORTED_PLATFORMS = "iphoneos iphonesimulator";
				SUPPORTS_MACCATALYST = NO;
				SWIFT_VERSION = 5.0;
				TARGETED_DEVICE_FAMILY = 1;
				TEST_HOST = "$(BUILT_PRODUCTS_DIR)/FantasyTileMatcher.app/$(BUNDLE_EXECUTABLE_FOLDER_PATH)/FantasyTileMatcher";
			};
			name = Release;
		};
		09ABE12D2DB403A506522490 /* Debug */ = {
			isa = XCBuildConfiguration;
			buildSettings = {
				CODE_SIGN_STYLE = Automatic;
				CURRENT_PROJECT_VERSION = 1;
				GENERATE_INFOPLIST_FILE = YES;
				MARKETING_VERSION = 0.3.4;
				PRODUCT_BUNDLE_IDENTIFIER = com.example.FantasyTileMatcherUITests;
				PRODUCT_NAME = "$(TARGET_NAME)";
				SUPPORTED_PLATFORMS = "iphoneos iphonesimulator";
				SUPPORTS_MACCATALYST = NO;
				SWIFT_VERSION = 5.0;
				TARGETED_DEVICE_FAMILY = 1;
				TEST_TARGET_NAME = FantasyTileMatcher;
			};
			name = Debug;
		};
		1D8C0C6B1D22EA8C7669B263 /* Release */ = {
			isa = XCBuildConfiguration;
			buildSettings = {
				ALWAYS_SEARCH_USER_PATHS = NO;
				CLANG_ENABLE_MODULES = YES;
				CLANG_ENABLE_OBJC_ARC = YES;
				CLANG_WARN_DOCUMENTATION_COMMENTS = YES;
				DEBUG_INFORMATION_FORMAT = "dwarf-with-dsym";
				ENABLE_TESTABILITY = NO;
				GCC_C_LANGUAGE_STANDARD = gnu17;
				IPHONEOS_DEPLOYMENT_TARGET = 16.0;
				SDKROOT = iphoneos;
				SWIFT_ACTIVE_COMPILATION_CONDITIONS = "$(inherited)";
				SWIFT_OPTIMIZATION_LEVEL = "-O";
				SWIFT_STRICT_CONCURRENCY = complete;
			};
			name = Release;
		};
		9BB8CEDF2B60076B8AAB3E78 /* Debug */ = {
			isa = XCBuildConfiguration;
			buildSettings = {
				BUNDLE_LOADER = "$(TEST_HOST)";
				CODE_SIGN_STYLE = Automatic;
				CURRENT_PROJECT_VERSION = 1;
				GENERATE_INFOPLIST_FILE = YES;
				MARKETING_VERSION = 0.3.4;
				PRODUCT_BUNDLE_IDENTIFIER = com.example.FantasyTileMatcherTests;
				PRODUCT_NAME = "$(TARGET_NAME)";
				SUPPORTED_PLATFORMS = "iphoneos iphonesimulator";
				SUPPORTS_MACCATALYST = NO;
				SWIFT_VERSION = 5.0;
				TARGETED_DEVICE_FAMILY = 1;
				TEST_HOST = "$(BUILT_PRODUCTS_DIR)/FantasyTileMatcher.app/$(BUNDLE_EXECUTABLE_FOLDER_PATH)/FantasyTileMatcher";
			};
			name = Debug;
		};
		B7DC64618A1A229FE0DE2835 /* Release */ = {
			isa = XCBuildConfiguration;
			buildSettings = {
				ASSETCATALOG_COMPILER_APPICON_NAME = AppIcon;
				ASSETCATALOG_COMPILER_GLOBAL_ACCENT_COLOR_NAME = AccentColor;
				CODE_SIGN_STYLE = Automatic;
				CURRENT_PROJECT_VERSION = 1;
				ENABLE_PREVIEWS = YES;
				GENERATE_INFOPLIST_FILE = YES;
				INFOPLIST_KEY_CFBundleDisplayName = "Fantasy Tile Matcher";
				INFOPLIST_KEY_LSApplicationCategoryType = "public.app-category.puzzle-games";
				INFOPLIST_KEY_UIApplicationSceneManifest_Generation = YES;
				INFOPLIST_KEY_UIApplicationSupportsIndirectInputEvents = YES;
				INFOPLIST_KEY_UILaunchScreen_Generation = YES;
				INFOPLIST_KEY_UIStatusBarStyle = "";
				INFOPLIST_KEY_UISupportedInterfaceOrientations = UIInterfaceOrientationPortrait;
				INFOPLIST_KEY_UISupportedInterfaceOrientations_iPad = "UIInterfaceOrientationLandscapeLeft UIInterfaceOrientationLandscapeRight UIInterfaceOrientationPortrait";
				LD_RUNPATH_SEARCH_PATHS = (
					"$(inherited)",
					"@executable_path/Frameworks",
				);
				MARKETING_VERSION = 0.3.4;
				PRODUCT_BUNDLE_IDENTIFIER = com.example.GemCollectionGame;
				PRODUCT_NAME = "$(TARGET_NAME)";
				SUPPORTED_PLATFORMS = "iphoneos iphonesimulator";
				SUPPORTS_MACCATALYST = NO;
				SWIFT_VERSION = 5.0;
				TARGETED_DEVICE_FAMILY = 1;
			};
			name = Release;
		};
		BFD315016DE16320F7E2120C /* Debug */ = {
			isa = XCBuildConfiguration;
			buildSettings = {
				ALWAYS_SEARCH_USER_PATHS = NO;
				CLANG_ENABLE_MODULES = YES;
				CLANG_ENABLE_OBJC_ARC = YES;
				CLANG_WARN_DOCUMENTATION_COMMENTS = YES;
				DEBUG_INFORMATION_FORMAT = dwarf;
				ENABLE_TESTABILITY = YES;
				GCC_C_LANGUAGE_STANDARD = gnu17;
				IPHONEOS_DEPLOYMENT_TARGET = 16.0;
				SDKROOT = iphoneos;
				SWIFT_ACTIVE_COMPILATION_CONDITIONS = "DEBUG $(inherited)";
				SWIFT_OPTIMIZATION_LEVEL = "-Onone";
				SWIFT_STRICT_CONCURRENCY = complete;
			};
			name = Debug;
		};
		EE643A824C32A64EA5CE92E6 /* Release */ = {
			isa = XCBuildConfiguration;
			buildSettings = {
				CODE_SIGN_STYLE = Automatic;
				CURRENT_PROJECT_VERSION = 1;
				GENERATE_INFOPLIST_FILE = YES;
				MARKETING_VERSION = 0.3.4;
				PRODUCT_BUNDLE_IDENTIFIER = com.example.FantasyTileMatcherUITests;
				PRODUCT_NAME = "$(TARGET_NAME)";
				SUPPORTED_PLATFORMS = "iphoneos iphonesimulator";
				SUPPORTS_MACCATALYST = NO;
				SWIFT_VERSION = 5.0;
				TARGETED_DEVICE_FAMILY = 1;
				TEST_TARGET_NAME = FantasyTileMatcher;
			};
			name = Release;
		};
		F726E10C5EF5F955D07A30C6 /* Debug */ = {
			isa = XCBuildConfiguration;
			buildSettings = {
				ASSETCATALOG_COMPILER_APPICON_NAME = AppIcon;
				ASSETCATALOG_COMPILER_GLOBAL_ACCENT_COLOR_NAME = AccentColor;
				CODE_SIGN_STYLE = Automatic;
				CURRENT_PROJECT_VERSION = 1;
				ENABLE_PREVIEWS = YES;
				GENERATE_INFOPLIST_FILE = YES;
				INFOPLIST_KEY_CFBundleDisplayName = "Fantasy Tile Matcher";
				INFOPLIST_KEY_LSApplicationCategoryType = "public.app-category.puzzle-games";
				INFOPLIST_KEY_UIApplicationSceneManifest_Generation = YES;
				INFOPLIST_KEY_UIApplicationSupportsIndirectInputEvents = YES;
				INFOPLIST_KEY_UILaunchScreen_Generation = YES;
				INFOPLIST_KEY_UIStatusBarStyle = "";
				INFOPLIST_KEY_UISupportedInterfaceOrientations = UIInterfaceOrientationPortrait;
				INFOPLIST_KEY_UISupportedInterfaceOrientations_iPad = "UIInterfaceOrientationLandscapeLeft UIInterfaceOrientationLandscapeRight UIInterfaceOrientationPortrait";
				LD_RUNPATH_SEARCH_PATHS = (
					"$(inherited)",
					"@executable_path/Frameworks",
				);
				MARKETING_VERSION = 0.3.4;
				PRODUCT_BUNDLE_IDENTIFIER = com.example.GemCollectionGame;
				PRODUCT_NAME = "$(TARGET_NAME)";
				SUPPORTED_PLATFORMS = "iphoneos iphonesimulator";
				SUPPORTS_MACCATALYST = NO;
				SWIFT_VERSION = 5.0;
				TARGETED_DEVICE_FAMILY = 1;
			};
			name = Debug;
		};
/* End XCBuildConfiguration section */

/* Begin XCConfigurationList section */
		1AE0163A5713F241F06802EC /* Build configuration list for PBXNativeTarget "FantasyTileMatcherTests" */ = {
			isa = XCConfigurationList;
			buildConfigurations = (
				9BB8CEDF2B60076B8AAB3E78 /* Debug */,
				0682F8D5B7A8957CB7459B12 /* Release */,
			);
			defaultConfigurationIsVisible = 0;
			defaultConfigurationName = Release;
		};
		63534D4CAD4229BEDEBF7839 /* Build configuration list for PBXNativeTarget "FantasyTileMatcher" */ = {
			isa = XCConfigurationList;
			buildConfigurations = (
				F726E10C5EF5F955D07A30C6 /* Debug */,
				B7DC64618A1A229FE0DE2835 /* Release */,
			);
			defaultConfigurationIsVisible = 0;
			defaultConfigurationName = Release;
		};
		7FA73DA70EDCAC180ADE63B8 /* Build configuration list for PBXNativeTarget "FantasyTileMatcherUITests" */ = {
			isa = XCConfigurationList;
			buildConfigurations = (
				09ABE12D2DB403A506522490 /* Debug */,
				EE643A824C32A64EA5CE92E6 /* Release */,
			);
			defaultConfigurationIsVisible = 0;
			defaultConfigurationName = Release;
		};
		AB271FF98378FD9A7626F0E2 /* Build configuration list for PBXProject "FantasyTileMatcher" */ = {
			isa = XCConfigurationList;
			buildConfigurations = (
				BFD315016DE16320F7E2120C /* Debug */,
				1D8C0C6B1D22EA8C7669B263 /* Release */,
			);
			defaultConfigurationIsVisible = 0;
			defaultConfigurationName = Release;
		};
/* End XCConfigurationList section */
	};
	rootObject = F6F4DA8D93E88A08220E03B7 /* Project object */;
}
